// !$*UTF8*$!
{
	archiveVersion = 1;
	classes = {
	};
	objectVersion = 46;
	objects = {

/* Begin PBXBuildFile section */
		045C92C21F7CE13F009EEB21 /* AppDelegate.swift in Sources */ = {isa = PBXBuildFile; fileRef = 045C92C11F7CE13F009EEB21 /* AppDelegate.swift */; };
		045C92C41F7CE13F009EEB21 /* ViewController.swift in Sources */ = {isa = PBXBuildFile; fileRef = 045C92C31F7CE13F009EEB21 /* ViewController.swift */; };
		045C92C71F7CE13F009EEB21 /* Main.storyboard in Resources */ = {isa = PBXBuildFile; fileRef = 045C92C51F7CE13F009EEB21 /* Main.storyboard */; };
		045C92C91F7CE13F009EEB21 /* Assets.xcassets in Resources */ = {isa = PBXBuildFile; fileRef = 045C92C81F7CE13F009EEB21 /* Assets.xcassets */; };
		045C92CC1F7CE13F009EEB21 /* LaunchScreen.storyboard in Resources */ = {isa = PBXBuildFile; fileRef = 045C92CA1F7CE13F009EEB21 /* LaunchScreen.storyboard */; };
		045C92D71F7CE13F009EEB21 /* KugimProject1Tests.swift in Sources */ = {isa = PBXBuildFile; fileRef = 045C92D61F7CE13F009EEB21 /* KugimProject1Tests.swift */; };
		045C92E21F7CE13F009EEB21 /* KugimProject1UITests.swift in Sources */ = {isa = PBXBuildFile; fileRef = 045C92E11F7CE13F009EEB21 /* KugimProject1UITests.swift */; };
/* End PBXBuildFile section */

/* Begin PBXContainerItemProxy section */
		045C92D31F7CE13F009EEB21 /* PBXContainerItemProxy */ = {
			isa = PBXContainerItemProxy;
			containerPortal = 045C92B61F7CE13F009EEB21 /* Project object */;
			proxyType = 1;
			remoteGlobalIDString = 045C92BD1F7CE13F009EEB21;
			remoteInfo = KugimProject1;
		};
		045C92DE1F7CE13F009EEB21 /* PBXContainerItemProxy */ = {
			isa = PBXContainerItemProxy;
			containerPortal = 045C92B61F7CE13F009EEB21 /* Project object */;
			proxyType = 1;
			remoteGlobalIDString = 045C92BD1F7CE13F009EEB21;
			remoteInfo = KugimProject1;
		};
/* End PBXContainerItemProxy section */

/* Begin PBXFileReference section */
		045C92BE1F7CE13F009EEB21 /* KugimProject1.app */ = {isa = PBXFileReference; explicitFileType = wrapper.application; includeInIndex = 0; path = KugimProject1.app; sourceTree = BUILT_PRODUCTS_DIR; };
		045C92C11F7CE13F009EEB21 /* AppDelegate.swift */ = {isa = PBXFileReference; lastKnownFileType = sourcecode.swift; path = AppDelegate.swift; sourceTree = "<group>"; };
		045C92C31F7CE13F009EEB21 /* ViewController.swift */ = {isa = PBXFileReference; lastKnownFileType = sourcecode.swift; path = ViewController.swift; sourceTree = "<group>"; };
		045C92C61F7CE13F009EEB21 /* Base */ = {isa = PBXFileReference; lastKnownFileType = file.storyboard; name = Base; path = Base.lproj/Main.storyboard; sourceTree = "<group>"; };
		045C92C81F7CE13F009EEB21 /* Assets.xcassets */ = {isa = PBXFileReference; lastKnownFileType = folder.assetcatalog; path = Assets.xcassets; sourceTree = "<group>"; };
		045C92CB1F7CE13F009EEB21 /* Base */ = {isa = PBXFileReference; lastKnownFileType = file.storyboard; name = Base; path = Base.lproj/LaunchScreen.storyboard; sourceTree = "<group>"; };
		045C92CD1F7CE13F009EEB21 /* Info.plist */ = {isa = PBXFileReference; lastKnownFileType = text.plist.xml; path = Info.plist; sourceTree = "<group>"; };
		045C92D21F7CE13F009EEB21 /* KugimProject1Tests.xctest */ = {isa = PBXFileReference; explicitFileType = wrapper.cfbundle; includeInIndex = 0; path = KugimProject1Tests.xctest; sourceTree = BUILT_PRODUCTS_DIR; };
		045C92D61F7CE13F009EEB21 /* KugimProject1Tests.swift */ = {isa = PBXFileReference; lastKnownFileType = sourcecode.swift; path = KugimProject1Tests.swift; sourceTree = "<group>"; };
		045C92D81F7CE13F009EEB21 /* Info.plist */ = {isa = PBXFileReference; lastKnownFileType = text.plist.xml; path = Info.plist; sourceTree = "<group>"; };
		045C92DD1F7CE13F009EEB21 /* KugimProject1UITests.xctest */ = {isa = PBXFileReference; explicitFileType = wrapper.cfbundle; includeInIndex = 0; path = KugimProject1UITests.xctest; sourceTree = BUILT_PRODUCTS_DIR; };
		045C92E11F7CE13F009EEB21 /* KugimProject1UITests.swift */ = {isa = PBXFileReference; lastKnownFileType = sourcecode.swift; path = KugimProject1UITests.swift; sourceTree = "<group>"; };
		045C92E31F7CE13F009EEB21 /* Info.plist */ = {isa = PBXFileReference; lastKnownFileType = text.plist.xml; path = Info.plist; sourceTree = "<group>"; };
/* End PBXFileReference section */

/* Begin PBXFrameworksBuildPhase section */
		045C92BB1F7CE13F009EEB21 /* Frameworks */ = {
			isa = PBXFrameworksBuildPhase;
			buildActionMask = 2147483647;
			files = (
			);
			runOnlyForDeploymentPostprocessing = 0;
		};
		045C92CF1F7CE13F009EEB21 /* Frameworks */ = {
			isa = PBXFrameworksBuildPhase;
			buildActionMask = 2147483647;
			files = (
			);
			runOnlyForDeploymentPostprocessing = 0;
		};
		045C92DA1F7CE13F009EEB21 /* Frameworks */ = {
			isa = PBXFrameworksBuildPhase;
			buildActionMask = 2147483647;
			files = (
			);
			runOnlyForDeploymentPostprocessing = 0;
		};
/* End PBXFrameworksBuildPhase section */

/* Begin PBXGroup section */
		045C92B51F7CE13F009EEB21 = {
			isa = PBXGroup;
			children = (
				045C92C01F7CE13F009EEB21 /* KugimProject1 */,
				045C92D51F7CE13F009EEB21 /* KugimProject1Tests */,
				045C92E01F7CE13F009EEB21 /* KugimProject1UITests */,
				045C92BF1F7CE13F009EEB21 /* Products */,
			);
			sourceTree = "<group>";
		};
		045C92BF1F7CE13F009EEB21 /* Products */ = {
			isa = PBXGroup;
			children = (
				045C92BE1F7CE13F009EEB21 /* KugimProject1.app */,
				045C92D21F7CE13F009EEB21 /* KugimProject1Tests.xctest */,
				045C92DD1F7CE13F009EEB21 /* KugimProject1UITests.xctest */,
			);
			name = Products;
			sourceTree = "<group>";
		};
		045C92C01F7CE13F009EEB21 /* KugimProject1 */ = {
			isa = PBXGroup;
			children = (
				045C92C11F7CE13F009EEB21 /* AppDelegate.swift */,
				045C92C31F7CE13F009EEB21 /* ViewController.swift */,
				045C92C51F7CE13F009EEB21 /* Main.storyboard */,
				045C92C81F7CE13F009EEB21 /* Assets.xcassets */,
				045C92CA1F7CE13F009EEB21 /* LaunchScreen.storyboard */,
				045C92CD1F7CE13F009EEB21 /* Info.plist */,
			);
			path = KugimProject1;
			sourceTree = "<group>";
		};
		045C92D51F7CE13F009EEB21 /* KugimProject1Tests */ = {
			isa = PBXGroup;
			children = (
				045C92D61F7CE13F009EEB21 /* KugimProject1Tests.swift */,
				045C92D81F7CE13F009EEB21 /* Info.plist */,
			);
			path = KugimProject1Tests;
			sourceTree = "<group>";
		};
		045C92E01F7CE13F009EEB21 /* KugimProject1UITests */ = {
			isa = PBXGroup;
			children = (
				045C92E11F7CE13F009EEB21 /* KugimProject1UITests.swift */,
				045C92E31F7CE13F009EEB21 /* Info.plist */,
			);
			path = KugimProject1UITests;
			sourceTree = "<group>";
		};
/* End PBXGroup section */

/* Begin PBXNativeTarget section */
		045C92BD1F7CE13F009EEB21 /* KugimProject1 */ = {
			isa = PBXNativeTarget;
			buildConfigurationList = 045C92E61F7CE13F009EEB21 /* Build configuration list for PBXNativeTarget "KugimProject1" */;
			buildPhases = (
				045C92BA1F7CE13F009EEB21 /* Sources */,
				045C92BB1F7CE13F009EEB21 /* Frameworks */,
				045C92BC1F7CE13F009EEB21 /* Resources */,
			);
			buildRules = (
			);
			dependencies = (
			);
			name = KugimProject1;
			productName = KugimProject1;
			productReference = 045C92BE1F7CE13F009EEB21 /* KugimProject1.app */;
			productType = "com.apple.product-type.application";
		};
		045C92D11F7CE13F009EEB21 /* KugimProject1Tests */ = {
			isa = PBXNativeTarget;
			buildConfigurationList = 045C92E91F7CE13F009EEB21 /* Build configuration list for PBXNativeTarget "KugimProject1Tests" */;
			buildPhases = (
				045C92CE1F7CE13F009EEB21 /* Sources */,
				045C92CF1F7CE13F009EEB21 /* Frameworks */,
				045C92D01F7CE13F009EEB21 /* Resources */,
			);
			buildRules = (
			);
			dependencies = (
				045C92D41F7CE13F009EEB21 /* PBXTargetDependency */,
			);
			name = KugimProject1Tests;
			productName = KugimProject1Tests;
			productReference = 045C92D21F7CE13F009EEB21 /* KugimProject1Tests.xctest */;
			productType = "com.apple.product-type.bundle.unit-test";
		};
		045C92DC1F7CE13F009EEB21 /* KugimProject1UITests */ = {
			isa = PBXNativeTarget;
			buildConfigurationList = 045C92EC1F7CE13F009EEB21 /* Build configuration list for PBXNativeTarget "KugimProject1UITests" */;
			buildPhases = (
				045C92D91F7CE13F009EEB21 /* Sources */,
				045C92DA1F7CE13F009EEB21 /* Frameworks */,
				045C92DB1F7CE13F009EEB21 /* Resources */,
			);
			buildRules = (
			);
			dependencies = (
				045C92DF1F7CE13F009EEB21 /* PBXTargetDependency */,
			);
			name = KugimProject1UITests;
			productName = KugimProject1UITests;
			productReference = 045C92DD1F7CE13F009EEB21 /* KugimProject1UITests.xctest */;
			productType = "com.apple.product-type.bundle.ui-testing";
		};
/* End PBXNativeTarget section */

/* Begin PBXProject section */
		045C92B61F7CE13F009EEB21 /* Project object */ = {
			isa = PBXProject;
			attributes = {
				LastSwiftUpdateCheck = 0830;
				LastUpgradeCheck = 0830;
				ORGANIZATIONNAME = Kugim;
				TargetAttributes = {
					045C92BD1F7CE13F009EEB21 = {
						CreatedOnToolsVersion = 8.3.3;
						ProvisioningStyle = Automatic;
					};
					045C92D11F7CE13F009EEB21 = {
						CreatedOnToolsVersion = 8.3.3;
						ProvisioningStyle = Automatic;
						TestTargetID = 045C92BD1F7CE13F009EEB21;
					};
					045C92DC1F7CE13F009EEB21 = {
						CreatedOnToolsVersion = 8.3.3;
						ProvisioningStyle = Automatic;
						TestTargetID = 045C92BD1F7CE13F009EEB21;
					};
				};
			};
			buildConfigurationList = 045C92B91F7CE13F009EEB21 /* Build configuration list for PBXProject "KugimProject1" */;
			compatibilityVersion = "Xcode 3.2";
			developmentRegion = English;
			hasScannedForEncodings = 0;
			knownRegions = (
				en,
				Base,
			);
			mainGroup = 045C92B51F7CE13F009EEB21;
			productRefGroup = 045C92BF1F7CE13F009EEB21 /* Products */;
			projectDirPath = "";
			projectRoot = "";
			targets = (
				045C92BD1F7CE13F009EEB21 /* KugimProject1 */,
				045C92D11F7CE13F009EEB21 /* KugimProject1Tests */,
				045C92DC1F7CE13F009EEB21 /* KugimProject1UITests */,
			);
		};
/* End PBXProject section */

/* Begin PBXResourcesBuildPhase section */
		045C92BC1F7CE13F009EEB21 /* Resources */ = {
			isa = PBXResourcesBuildPhase;
			buildActionMask = 2147483647;
			files = (
				045C92CC1F7CE13F009EEB21 /* LaunchScreen.storyboard in Resources */,
				045C92C91F7CE13F009EEB21 /* Assets.xcassets in Resources */,
				045C92C71F7CE13F009EEB21 /* Main.storyboard in Resources */,
			);
			runOnlyForDeploymentPostprocessing = 0;
		};
		045C92D01F7CE13F009EEB21 /* Resources */ = {
			isa = PBXResourcesBuildPhase;
			buildActionMask = 2147483647;
			files = (
			);
			runOnlyForDeploymentPostprocessing = 0;
		};
		045C92DB1F7CE13F009EEB21 /* Resources */ = {
			isa = PBXResourcesBuildPhase;
			buildActionMask = 2147483647;
			files = (
			);
			runOnlyForDeploymentPostprocessing = 0;
		};
/* End PBXResourcesBuildPhase section */

/* Begin PBXSourcesBuildPhase section */
		045C92BA1F7CE13F009EEB21 /* Sources */ = {
			isa = PBXSourcesBuildPhase;
			buildActionMask = 2147483647;
			files = (
				045C92C41F7CE13F009EEB21 /* ViewController.swift in Sources */,
				045C92C21F7CE13F009EEB21 /* AppDelegate.swift in Sources */,
			);
			runOnlyForDeploymentPostprocessing = 0;
		};
		045C92CE1F7CE13F009EEB21 /* Sources */ = {
			isa = PBXSourcesBuildPhase;
			buildActionMask = 2147483647;
			files = (
				045C92D71F7CE13F009EEB21 /* KugimProject1Tests.swift in Sources */,
			);
			runOnlyForDeploymentPostprocessing = 0;
		};
		045C92D91F7CE13F009EEB21 /* Sources */ = {
			isa = PBXSourcesBuildPhase;
			buildActionMask = 2147483647;
			files = (
				045C92E21F7CE13F009EEB21 /* KugimProject1UITests.swift in Sources */,
			);
			runOnlyForDeploymentPostprocessing = 0;
		};
/* End PBXSourcesBuildPhase section */

/* Begin PBXTargetDependency section */
		045C92D41F7CE13F009EEB21 /* PBXTargetDependency */ = {
			isa = PBXTargetDependency;
			target = 045C92BD1F7CE13F009EEB21 /* KugimProject1 */;
			targetProxy = 045C92D31F7CE13F009EEB21 /* PBXContainerItemProxy */;
		};
		045C92DF1F7CE13F009EEB21 /* PBXTargetDependency */ = {
			isa = PBXTargetDependency;
			target = 045C92BD1F7CE13F009EEB21 /* KugimProject1 */;
			targetProxy = 045C92DE1F7CE13F009EEB21 /* PBXContainerItemProxy */;
		};
/* End PBXTargetDependency section */

/* Begin PBXVariantGroup section */
		045C92C51F7CE13F009EEB21 /* Main.storyboard */ = {
			isa = PBXVariantGroup;
			children = (
				045C92C61F7CE13F009EEB21 /* Base */,
			);
			name = Main.storyboard;
			sourceTree = "<group>";
		};
		045C92CA1F7CE13F009EEB21 /* LaunchScreen.storyboard */ = {
			isa = PBXVariantGroup;
			children = (
				045C92CB1F7CE13F009EEB21 /* Base */,
			);
			name = LaunchScreen.storyboard;
			sourceTree = "<group>";
		};
/* End PBXVariantGroup section */

/* Begin XCBuildConfiguration section */
		045C92E41F7CE13F009EEB21 /* Debug */ = {
			isa = XCBuildConfiguration;
			buildSettings = {
				ALWAYS_SEARCH_USER_PATHS = NO;
				CLANG_ANALYZER_NONNULL = YES;
				CLANG_ANALYZER_NUMBER_OBJECT_CONVERSION = YES_AGGRESSIVE;
				CLANG_CXX_LANGUAGE_STANDARD = "gnu++0x";
				CLANG_CXX_LIBRARY = "libc++";
				CLANG_ENABLE_MODULES = YES;
				CLANG_ENABLE_OBJC_ARC = YES;
				CLANG_WARN_BOOL_CONVERSION = YES;
				CLANG_WARN_CONSTANT_CONVERSION = YES;
				CLANG_WARN_DIRECT_OBJC_ISA_USAGE = YES_ERROR;
				CLANG_WARN_DOCUMENTATION_COMMENTS = YES;
				CLANG_WARN_EMPTY_BODY = YES;
				CLANG_WARN_ENUM_CONVERSION = YES;
				CLANG_WARN_INFINITE_RECURSION = YES;
				CLANG_WARN_INT_CONVERSION = YES;
				CLANG_WARN_OBJC_ROOT_CLASS = YES_ERROR;
				CLANG_WARN_SUSPICIOUS_MOVE = YES;
				CLANG_WARN_UNREACHABLE_CODE = YES;
				CLANG_WARN__DUPLICATE_METHOD_MATCH = YES;
				"CODE_SIGN_IDENTITY[sdk=iphoneos*]" = "iPhone Developer";
				COPY_PHASE_STRIP = NO;
				DEBUG_INFORMATION_FORMAT = dwarf;
				ENABLE_STRICT_OBJC_MSGSEND = YES;
				ENABLE_TESTABILITY = YES;
				GCC_C_LANGUAGE_STANDARD = gnu99;
				GCC_DYNAMIC_NO_PIC = NO;
				GCC_NO_COMMON_BLOCKS = YES;
				GCC_OPTIMIZATION_LEVEL = 0;
				GCC_PREPROCESSOR_DEFINITIONS = (
					"DEBUG=1",
					"$(inherited)",
				);
				GCC_WARN_64_TO_32_BIT_CONVERSION = YES;
				GCC_WARN_ABOUT_RETURN_TYPE = YES_ERROR;
				GCC_WARN_UNDECLARED_SELECTOR = YES;
				GCC_WARN_UNINITIALIZED_AUTOS = YES_AGGRESSIVE;
				GCC_WARN_UNUSED_FUNCTION = YES;
				GCC_WARN_UNUSED_VARIABLE = YES;
				IPHONEOS_DEPLOYMENT_TARGET = 10.3;
				MTL_ENABLE_DEBUG_INFO = YES;
				ONLY_ACTIVE_ARCH = YES;
				SDKROOT = iphoneos;
				SWIFT_ACTIVE_COMPILATION_CONDITIONS = DEBUG;
				SWIFT_OPTIMIZATION_LEVEL = "-Onone";
				TARGETED_DEVICE_FAMILY = "1,2";
			};
			name = Debug;
		};
		045C92E51F7CE13F009EEB21 /* Release */ = {
			isa = XCBuildConfiguration;
			buildSettings = {
				ALWAYS_SEARCH_USER_PATHS = NO;
				CLANG_ANALYZER_NONNULL = YES;
				CLANG_ANALYZER_NUMBER_OBJECT_CONVERSION = YES_AGGRESSIVE;
				CLANG_CXX_LANGUAGE_STANDARD = "gnu++0x";
				CLANG_CXX_LIBRARY = "libc++";
				CLANG_ENABLE_MODULES = YES;
				CLANG_ENABLE_OBJC_ARC = YES;
				CLANG_WARN_BOOL_CONVERSION = YES;
				CLANG_WARN_CONSTANT_CONVERSION = YES;
				CLANG_WARN_DIRECT_OBJC_ISA_USAGE = YES_ERROR;
				CLANG_WARN_DOCUMENTATION_COMMENTS = YES;
				CLANG_WARN_EMPTY_BODY = YES;
				CLANG_WARN_ENUM_CONVERSION = YES;
				CLANG_WARN_INFINITE_RECURSION = YES;
				CLANG_WARN_INT_CONVERSION = YES;
				CLANG_WARN_OBJC_ROOT_CLASS = YES_ERROR;
				CLANG_WARN_SUSPICIOUS_MOVE = YES;
				CLANG_WARN_UNREACHABLE_CODE = YES;
				CLANG_WARN__DUPLICATE_METHOD_MATCH = YES;
				"CODE_SIGN_IDENTITY[sdk=iphoneos*]" = "iPhone Developer";
				COPY_PHASE_STRIP = NO;
				DEBUG_INFORMATION_FORMAT = "dwarf-with-dsym";
				ENABLE_NS_ASSERTIONS = NO;
				ENABLE_STRICT_OBJC_MSGSEND = YES;
				GCC_C_LANGUAGE_STANDARD = gnu99;
				GCC_NO_COMMON_BLOCKS = YES;
				GCC_WARN_64_TO_32_BIT_CONVERSION = YES;
				GCC_WARN_ABOUT_RETURN_TYPE = YES_ERROR;
				GCC_WARN_UNDECLARED_SELECTOR = YES;
				GCC_WARN_UNINITIALIZED_AUTOS = YES_AGGRESSIVE;
				GCC_WARN_UNUSED_FUNCTION = YES;
				GCC_WARN_UNUSED_VARIABLE = YES;
				IPHONEOS_DEPLOYMENT_TARGET = 10.3;
				MTL_ENABLE_DEBUG_INFO = NO;
				SDKROOT = iphoneos;
				SWIFT_OPTIMIZATION_LEVEL = "-Owholemodule";
				TARGETED_DEVICE_FAMILY = "1,2";
				VALIDATE_PRODUCT = YES;
			};
			name = Release;
		};
		045C92E71F7CE13F009EEB21 /* Debug */ = {
			isa = XCBuildConfiguration;
			buildSettings = {
				ASSETCATALOG_COMPILER_APPICON_NAME = AppIcon;
				INFOPLIST_FILE = KugimProject1/Info.plist;
				LD_RUNPATH_SEARCH_PATHS = "$(inherited) @executable_path/Frameworks";
				PRODUCT_BUNDLE_IDENTIFIER = com.kugimIOS.KugimProject1;
				PRODUCT_NAME = "$(TARGET_NAME)";
				SWIFT_VERSION = 3.0;
			};
			name = Debug;
		};
		045C92E81F7CE13F009EEB21 /* Release */ = {
			isa = XCBuildConfiguration;
			buildSettings = {
				ASSETCATALOG_COMPILER_APPICON_NAME = AppIcon;
				INFOPLIST_FILE = KugimProject1/Info.plist;
				LD_RUNPATH_SEARCH_PATHS = "$(inherited) @executable_path/Frameworks";
				PRODUCT_BUNDLE_IDENTIFIER = com.kugimIOS.KugimProject1;
				PRODUCT_NAME = "$(TARGET_NAME)";
				SWIFT_VERSION = 3.0;
			};
			name = Release;
		};
		045C92EA1F7CE13F009EEB21 /* Debug */ = {
			isa = XCBuildConfiguration;
			buildSettings = {
				ALWAYS_EMBED_SWIFT_STANDARD_LIBRARIES = YES;
				BUNDLE_LOADER = "$(TEST_HOST)";
				INFOPLIST_FILE = KugimProject1Tests/Info.plist;
				LD_RUNPATH_SEARCH_PATHS = "$(inherited) @executable_path/Frameworks @loader_path/Frameworks";
				PRODUCT_BUNDLE_IDENTIFIER = com.kugimIOS.KugimProject1Tests;
				PRODUCT_NAME = "$(TARGET_NAME)";
				SWIFT_VERSION = 3.0;
				TEST_HOST = "$(BUILT_PRODUCTS_DIR)/KugimProject1.app/KugimProject1";
			};
			name = Debug;
		};
		045C92EB1F7CE13F009EEB21 /* Release */ = {
			isa = XCBuildConfiguration;
			buildSettings = {
				ALWAYS_EMBED_SWIFT_STANDARD_LIBRARIES = YES;
				BUNDLE_LOADER = "$(TEST_HOST)";
				INFOPLIST_FILE = KugimProject1Tests/Info.plist;
				LD_RUNPATH_SEARCH_PATHS = "$(inherited) @executable_path/Frameworks @loader_path/Frameworks";
				PRODUCT_BUNDLE_IDENTIFIER = com.kugimIOS.KugimProject1Tests;
				PRODUCT_NAME = "$(TARGET_NAME)";
				SWIFT_VERSION = 3.0;
				TEST_HOST = "$(BUILT_PRODUCTS_DIR)/KugimProject1.app/KugimProject1";
			};
			name = Release;
		};
		045C92ED1F7CE13F009EEB21 /* Debug */ = {
			isa = XCBuildConfiguration;
			buildSettings = {
				ALWAYS_EMBED_SWIFT_STANDARD_LIBRARIES = YES;
				INFOPLIST_FILE = KugimProject1UITests/Info.plist;
				LD_RUNPATH_SEARCH_PATHS = "$(inherited) @executable_path/Frameworks @loader_path/Frameworks";
				PRODUCT_BUNDLE_IDENTIFIER = com.kugimIOS.KugimProject1UITests;
				PRODUCT_NAME = "$(TARGET_NAME)";
				SWIFT_VERSION = 3.0;
				TEST_TARGET_NAME = KugimProject1;
			};
			name = Debug;
		};
		045C92EE1F7CE13F009EEB21 /* Release */ = {
			isa = XCBuildConfiguration;
			buildSettings = {
				ALWAYS_EMBED_SWIFT_STANDARD_LIBRARIES = YES;
				INFOPLIST_FILE = KugimProject1UITests/Info.plist;
				LD_RUNPATH_SEARCH_PATHS = "$(inherited) @executable_path/Frameworks @loader_path/Frameworks";
				PRODUCT_BUNDLE_IDENTIFIER = com.kugimIOS.KugimProject1UITests;
				PRODUCT_NAME = "$(TARGET_NAME)";
				SWIFT_VERSION = 3.0;
				TEST_TARGET_NAME = KugimProject1;
			};
			name = Release;
		};
/* End XCBuildConfiguration section */

/* Begin XCConfigurationList section */
		045C92B91F7CE13F009EEB21 /* Build configuration list for PBXProject "KugimProject1" */ = {
			isa = XCConfigurationList;
			buildConfigurations = (
				045C92E41F7CE13F009EEB21 /* Debug */,
				045C92E51F7CE13F009EEB21 /* Release */,
			);
			defaultConfigurationIsVisible = 0;
			defaultConfigurationName = Release;
		};
		045C92E61F7CE13F009EEB21 /* Build configuration list for PBXNativeTarget "KugimProject1" */ = {
			isa = XCConfigurationList;
			buildConfigurations = (
				045C92E71F7CE13F009EEB21 /* Debug */,
				045C92E81F7CE13F009EEB21 /* Release */,
			);
			defaultConfigurationIsVisible = 0;
		};
		045C92E91F7CE13F009EEB21 /* Build configuration list for PBXNativeTarget "KugimProject1Tests" */ = {
			isa = XCConfigurationList;
			buildConfigurations = (
				045C92EA1F7CE13F009EEB21 /* Debug */,
				045C92EB1F7CE13F009EEB21 /* Release */,
			);
			defaultConfigurationIsVisible = 0;
		};
		045C92EC1F7CE13F009EEB21 /* Build configuration list for PBXNativeTarget "KugimProject1UITests" */ = {
			isa = XCConfigurationList;
			buildConfigurations = (
				045C92ED1F7CE13F009EEB21 /* Debug */,
				045C92EE1F7CE13F009EEB21 /* Release */,
			);
			defaultConfigurationIsVisible = 0;
		};
/* End XCConfigurationList section */
	};
	rootObject = 045C92B61F7CE13F009EEB21 /* Project object */;
}
